// !$*UTF8*$!
{
	archiveVersion = 1;
	classes = {
	};
	objectVersion = 46;
	objects = {

/* Begin PBXBuildFile section */
		14F612CC1FA83F1400EDF4FA /* AppDelegate.swift in Sources */ = {isa = PBXBuildFile; fileRef = 14F612CB1FA83F1400EDF4FA /* AppDelegate.swift */; };
		14F612CE1FA83F1400EDF4FA /* ViewController.swift in Sources */ = {isa = PBXBuildFile; fileRef = 14F612CD1FA83F1400EDF4FA /* ViewController.swift */; };
		14F612D11FA83F1400EDF4FA /* Main.storyboard in Resources */ = {isa = PBXBuildFile; fileRef = 14F612CF1FA83F1400EDF4FA /* Main.storyboard */; };
		14F612D31FA83F1400EDF4FA /* Assets.xcassets in Resources */ = {isa = PBXBuildFile; fileRef = 14F612D21FA83F1400EDF4FA /* Assets.xcassets */; };
		14F612D61FA83F1400EDF4FA /* LaunchScreen.storyboard in Resources */ = {isa = PBXBuildFile; fileRef = 14F612D41FA83F1400EDF4FA /* LaunchScreen.storyboard */; };
		14F612E11FA83F1400EDF4FA /* BookFinderTests.swift in Sources */ = {isa = PBXBuildFile; fileRef = 14F612E01FA83F1400EDF4FA /* BookFinderTests.swift */; };
		14F612EC1FA83F1400EDF4FA /* BookFinderUITests.swift in Sources */ = {isa = PBXBuildFile; fileRef = 14F612EB1FA83F1400EDF4FA /* BookFinderUITests.swift */; };
/* End PBXBuildFile section */

/* Begin PBXContainerItemProxy section */
		14F612DD1FA83F1400EDF4FA /* PBXContainerItemProxy */ = {
			isa = PBXContainerItemProxy;
			containerPortal = 14F612C01FA83F1400EDF4FA /* Project object */;
			proxyType = 1;
			remoteGlobalIDString = 14F612C71FA83F1400EDF4FA;
			remoteInfo = BookFinder;
		};
		14F612E81FA83F1400EDF4FA /* PBXContainerItemProxy */ = {
			isa = PBXContainerItemProxy;
			containerPortal = 14F612C01FA83F1400EDF4FA /* Project object */;
			proxyType = 1;
			remoteGlobalIDString = 14F612C71FA83F1400EDF4FA;
			remoteInfo = BookFinder;
		};
/* End PBXContainerItemProxy section */

/* Begin PBXFileReference section */
		14F612C81FA83F1400EDF4FA /* BookFinder.app */ = {isa = PBXFileReference; explicitFileType = wrapper.application; includeInIndex = 0; path = BookFinder.app; sourceTree = BUILT_PRODUCTS_DIR; };
		14F612CB1FA83F1400EDF4FA /* AppDelegate.swift */ = {isa = PBXFileReference; lastKnownFileType = sourcecode.swift; path = AppDelegate.swift; sourceTree = "<group>"; };
		14F612CD1FA83F1400EDF4FA /* ViewController.swift */ = {isa = PBXFileReference; lastKnownFileType = sourcecode.swift; path = ViewController.swift; sourceTree = "<group>"; };
		14F612D01FA83F1400EDF4FA /* Base */ = {isa = PBXFileReference; lastKnownFileType = file.storyboard; name = Base; path = Base.lproj/Main.storyboard; sourceTree = "<group>"; };
		14F612D21FA83F1400EDF4FA /* Assets.xcassets */ = {isa = PBXFileReference; lastKnownFileType = folder.assetcatalog; path = Assets.xcassets; sourceTree = "<group>"; };
		14F612D51FA83F1400EDF4FA /* Base */ = {isa = PBXFileReference; lastKnownFileType = file.storyboard; name = Base; path = Base.lproj/LaunchScreen.storyboard; sourceTree = "<group>"; };
		14F612D71FA83F1400EDF4FA /* Info.plist */ = {isa = PBXFileReference; lastKnownFileType = text.plist.xml; path = Info.plist; sourceTree = "<group>"; };
		14F612DC1FA83F1400EDF4FA /* BookFinderTests.xctest */ = {isa = PBXFileReference; explicitFileType = wrapper.cfbundle; includeInIndex = 0; path = BookFinderTests.xctest; sourceTree = BUILT_PRODUCTS_DIR; };
		14F612E01FA83F1400EDF4FA /* BookFinderTests.swift */ = {isa = PBXFileReference; lastKnownFileType = sourcecode.swift; path = BookFinderTests.swift; sourceTree = "<group>"; };
		14F612E21FA83F1400EDF4FA /* Info.plist */ = {isa = PBXFileReference; lastKnownFileType = text.plist.xml; path = Info.plist; sourceTree = "<group>"; };
		14F612E71FA83F1400EDF4FA /* BookFinderUITests.xctest */ = {isa = PBXFileReference; explicitFileType = wrapper.cfbundle; includeInIndex = 0; path = BookFinderUITests.xctest; sourceTree = BUILT_PRODUCTS_DIR; };
		14F612EB1FA83F1400EDF4FA /* BookFinderUITests.swift */ = {isa = PBXFileReference; lastKnownFileType = sourcecode.swift; path = BookFinderUITests.swift; sourceTree = "<group>"; };
		14F612ED1FA83F1400EDF4FA /* Info.plist */ = {isa = PBXFileReference; lastKnownFileType = text.plist.xml; path = Info.plist; sourceTree = "<group>"; };
/* End PBXFileReference section */

/* Begin PBXFrameworksBuildPhase section */
		14F612C51FA83F1400EDF4FA /* Frameworks */ = {
			isa = PBXFrameworksBuildPhase;
			buildActionMask = 2147483647;
			files = (
			);
			runOnlyForDeploymentPostprocessing = 0;
		};
		14F612D91FA83F1400EDF4FA /* Frameworks */ = {
			isa = PBXFrameworksBuildPhase;
			buildActionMask = 2147483647;
			files = (
			);
			runOnlyForDeploymentPostprocessing = 0;
		};
		14F612E41FA83F1400EDF4FA /* Frameworks */ = {
			isa = PBXFrameworksBuildPhase;
			buildActionMask = 2147483647;
			files = (
			);
			runOnlyForDeploymentPostprocessing = 0;
		};
/* End PBXFrameworksBuildPhase section */

/* Begin PBXGroup section */
		14F612BF1FA83F1400EDF4FA = {
			isa = PBXGroup;
			children = (
				14F612CA1FA83F1400EDF4FA /* BookFinder */,
				14F612DF1FA83F1400EDF4FA /* BookFinderTests */,
				14F612EA1FA83F1400EDF4FA /* BookFinderUITests */,
				14F612C91FA83F1400EDF4FA /* Products */,
			);
			sourceTree = "<group>";
		};
		14F612C91FA83F1400EDF4FA /* Products */ = {
			isa = PBXGroup;
			children = (
				14F612C81FA83F1400EDF4FA /* BookFinder.app */,
				14F612DC1FA83F1400EDF4FA /* BookFinderTests.xctest */,
				14F612E71FA83F1400EDF4FA /* BookFinderUITests.xctest */,
			);
			name = Products;
			sourceTree = "<group>";
		};
		14F612CA1FA83F1400EDF4FA /* BookFinder */ = {
			isa = PBXGroup;
			children = (
				14F612CB1FA83F1400EDF4FA /* AppDelegate.swift */,
				14F612CD1FA83F1400EDF4FA /* ViewController.swift */,
				14F612CF1FA83F1400EDF4FA /* Main.storyboard */,
				14F612D21FA83F1400EDF4FA /* Assets.xcassets */,
				14F612D41FA83F1400EDF4FA /* LaunchScreen.storyboard */,
				14F612D71FA83F1400EDF4FA /* Info.plist */,
			);
			path = BookFinder;
			sourceTree = "<group>";
		};
		14F612DF1FA83F1400EDF4FA /* BookFinderTests */ = {
			isa = PBXGroup;
			children = (
				14F612E01FA83F1400EDF4FA /* BookFinderTests.swift */,
				14F612E21FA83F1400EDF4FA /* Info.plist */,
			);
			path = BookFinderTests;
			sourceTree = "<group>";
		};
		14F612EA1FA83F1400EDF4FA /* BookFinderUITests */ = {
			isa = PBXGroup;
			children = (
				14F612EB1FA83F1400EDF4FA /* BookFinderUITests.swift */,
				14F612ED1FA83F1400EDF4FA /* Info.plist */,
			);
			path = BookFinderUITests;
			sourceTree = "<group>";
		};
/* End PBXGroup section */

/* Begin PBXNativeTarget section */
		14F612C71FA83F1400EDF4FA /* BookFinder */ = {
			isa = PBXNativeTarget;
			buildConfigurationList = 14F612F01FA83F1400EDF4FA /* Build configuration list for PBXNativeTarget "BookFinder" */;
			buildPhases = (
				14F612C41FA83F1400EDF4FA /* Sources */,
				14F612C51FA83F1400EDF4FA /* Frameworks */,
				14F612C61FA83F1400EDF4FA /* Resources */,
			);
			buildRules = (
			);
			dependencies = (
			);
			name = BookFinder;
			productName = BookFinder;
			productReference = 14F612C81FA83F1400EDF4FA /* BookFinder.app */;
			productType = "com.apple.product-type.application";
		};
		14F612DB1FA83F1400EDF4FA /* BookFinderTests */ = {
			isa = PBXNativeTarget;
			buildConfigurationList = 14F612F31FA83F1400EDF4FA /* Build configuration list for PBXNativeTarget "BookFinderTests" */;
			buildPhases = (
				14F612D81FA83F1400EDF4FA /* Sources */,
				14F612D91FA83F1400EDF4FA /* Frameworks */,
				14F612DA1FA83F1400EDF4FA /* Resources */,
			);
			buildRules = (
			);
			dependencies = (
				14F612DE1FA83F1400EDF4FA /* PBXTargetDependency */,
			);
			name = BookFinderTests;
			productName = BookFinderTests;
			productReference = 14F612DC1FA83F1400EDF4FA /* BookFinderTests.xctest */;
			productType = "com.apple.product-type.bundle.unit-test";
		};
		14F612E61FA83F1400EDF4FA /* BookFinderUITests */ = {
			isa = PBXNativeTarget;
			buildConfigurationList = 14F612F61FA83F1400EDF4FA /* Build configuration list for PBXNativeTarget "BookFinderUITests" */;
			buildPhases = (
				14F612E31FA83F1400EDF4FA /* Sources */,
				14F612E41FA83F1400EDF4FA /* Frameworks */,
				14F612E51FA83F1400EDF4FA /* Resources */,
			);
			buildRules = (
			);
			dependencies = (
				14F612E91FA83F1400EDF4FA /* PBXTargetDependency */,
			);
			name = BookFinderUITests;
			productName = BookFinderUITests;
			productReference = 14F612E71FA83F1400EDF4FA /* BookFinderUITests.xctest */;
			productType = "com.apple.product-type.bundle.ui-testing";
		};
/* End PBXNativeTarget section */

/* Begin PBXProject section */
		14F612C01FA83F1400EDF4FA /* Project object */ = {
			isa = PBXProject;
			attributes = {
				LastSwiftUpdateCheck = 0830;
				LastUpgradeCheck = 0830;
				ORGANIZATIONNAME = D7702_10;
				TargetAttributes = {
					14F612C71FA83F1400EDF4FA = {
						CreatedOnToolsVersion = 8.3.3;
						ProvisioningStyle = Automatic;
					};
					14F612DB1FA83F1400EDF4FA = {
						CreatedOnToolsVersion = 8.3.3;
						ProvisioningStyle = Automatic;
						TestTargetID = 14F612C71FA83F1400EDF4FA;
					};
					14F612E61FA83F1400EDF4FA = {
						CreatedOnToolsVersion = 8.3.3;
						ProvisioningStyle = Automatic;
						TestTargetID = 14F612C71FA83F1400EDF4FA;
					};
				};
			};
			buildConfigurationList = 14F612C31FA83F1400EDF4FA /* Build configuration list for PBXProject "BookFinder" */;
			compatibilityVersion = "Xcode 3.2";
			developmentRegion = English;
			hasScannedForEncodings = 0;
			knownRegions = (
				en,
				Base,
			);
			mainGroup = 14F612BF1FA83F1400EDF4FA;
			productRefGroup = 14F612C91FA83F1400EDF4FA /* Products */;
			projectDirPath = "";
			projectRoot = "";
			targets = (
				14F612C71FA83F1400EDF4FA /* BookFinder */,
				14F612DB1FA83F1400EDF4FA /* BookFinderTests */,
				14F612E61FA83F1400EDF4FA /* BookFinderUITests */,
			);
		};
/* End PBXProject section */

/* Begin PBXResourcesBuildPhase section */
		14F612C61FA83F1400EDF4FA /* Resources */ = {
			isa = PBXResourcesBuildPhase;
			buildActionMask = 2147483647;
			files = (
				14F612D61FA83F1400EDF4FA /* LaunchScreen.storyboard in Resources */,
				14F612D31FA83F1400EDF4FA /* Assets.xcassets in Resources */,
				14F612D11FA83F1400EDF4FA /* Main.storyboard in Resources */,
			);
			runOnlyForDeploymentPostprocessing = 0;
		};
		14F612DA1FA83F1400EDF4FA /* Resources */ = {
			isa = PBXResourcesBuildPhase;
			buildActionMask = 2147483647;
			files = (
			);
			runOnlyForDeploymentPostprocessing = 0;
		};
		14F612E51FA83F1400EDF4FA /* Resources */ = {
			isa = PBXResourcesBuildPhase;
			buildActionMask = 2147483647;
			files = (
			);
			runOnlyForDeploymentPostprocessing = 0;
		};
/* End PBXResourcesBuildPhase section */

/* Begin PBXSourcesBuildPhase section */
		14F612C41FA83F1400EDF4FA /* Sources */ = {
			isa = PBXSourcesBuildPhase;
			buildActionMask = 2147483647;
			files = (
				14F612CE1FA83F1400EDF4FA /* ViewController.swift in Sources */,
				14F612CC1FA83F1400EDF4FA /* AppDelegate.swift in Sources */,
			);
			runOnlyForDeploymentPostprocessing = 0;
		};
		14F612D81FA83F1400EDF4FA /* Sources */ = {
			isa = PBXSourcesBuildPhase;
			buildActionMask = 2147483647;
			files = (
				14F612E11FA83F1400EDF4FA /* BookFinderTests.swift in Sources */,
			);
			runOnlyForDeploymentPostprocessing = 0;
		};
		14F612E31FA83F1400EDF4FA /* Sources */ = {
			isa = PBXSourcesBuildPhase;
			buildActionMask = 2147483647;
			files = (
				14F612EC1FA83F1400EDF4FA /* BookFinderUITests.swift in Sources */,
			);
			runOnlyForDeploymentPostprocessing = 0;
		};
/* End PBXSourcesBuildPhase section */

/* Begin PBXTargetDependency section */
		14F612DE1FA83F1400EDF4FA /* PBXTargetDependency */ = {
			isa = PBXTargetDependency;
			target = 14F612C71FA83F1400EDF4FA /* BookFinder */;
			targetProxy = 14F612DD1FA83F1400EDF4FA /* PBXContainerItemProxy */;
		};
		14F612E91FA83F1400EDF4FA /* PBXTargetDependency */ = {
			isa = PBXTargetDependency;
			target = 14F612C71FA83F1400EDF4FA /* BookFinder */;
			targetProxy = 14F612E81FA83F1400EDF4FA /* PBXContainerItemProxy */;
		};
/* End PBXTargetDependency section */

/* Begin PBXVariantGroup section */
		14F612CF1FA83F1400EDF4FA /* Main.storyboard */ = {
			isa = PBXVariantGroup;
			children = (
				14F612D01FA83F1400EDF4FA /* Base */,
			);
			name = Main.storyboard;
			sourceTree = "<group>";
		};
		14F612D41FA83F1400EDF4FA /* LaunchScreen.storyboard */ = {
			isa = PBXVariantGroup;
			children = (
				14F612D51FA83F1400EDF4FA /* Base */,
			);
			name = LaunchScreen.storyboard;
			sourceTree = "<group>";
		};
/* End PBXVariantGroup section */

/* Begin XCBuildConfiguration section */
		14F612EE1FA83F1400EDF4FA /* Debug */ = {
			isa = XCBuildConfiguration;
			buildSettings = {
				ALWAYS_SEARCH_USER_PATHS = NO;
				CLANG_ANALYZER_NONNULL = YES;
				CLANG_ANALYZER_NUMBER_OBJECT_CONVERSION = YES_AGGRESSIVE;
				CLANG_CXX_LANGUAGE_STANDARD = "gnu++0x";
				CLANG_CXX_LIBRARY = "libc++";
				CLANG_ENABLE_MODULES = YES;
				CLANG_ENABLE_OBJC_ARC = YES;
				CLANG_WARN_BOOL_CONVERSION = YES;
				CLANG_WARN_CONSTANT_CONVERSION = YES;
				CLANG_WARN_DIRECT_OBJC_ISA_USAGE = YES_ERROR;
				CLANG_WARN_DOCUMENTATION_COMMENTS = YES;
				CLANG_WARN_EMPTY_BODY = YES;
				CLANG_WARN_ENUM_CONVERSION = YES;
				CLANG_WARN_INFINITE_RECURSION = YES;
				CLANG_WARN_INT_CONVERSION = YES;
				CLANG_WARN_OBJC_ROOT_CLASS = YES_ERROR;
				CLANG_WARN_SUSPICIOUS_MOVE = YES;
				CLANG_WARN_UNREACHABLE_CODE = YES;
				CLANG_WARN__DUPLICATE_METHOD_MATCH = YES;
				"CODE_SIGN_IDENTITY[sdk=iphoneos*]" = "iPhone Developer";
				COPY_PHASE_STRIP = NO;
				DEBUG_INFORMATION_FORMAT = dwarf;
				ENABLE_STRICT_OBJC_MSGSEND = YES;
				ENABLE_TESTABILITY = YES;
				GCC_C_LANGUAGE_STANDARD = gnu99;
				GCC_DYNAMIC_NO_PIC = NO;
				GCC_NO_COMMON_BLOCKS = YES;
				GCC_OPTIMIZATION_LEVEL = 0;
				GCC_PREPROCESSOR_DEFINITIONS = (
					"DEBUG=1",
					"$(inherited)",
				);
				GCC_WARN_64_TO_32_BIT_CONVERSION = YES;
				GCC_WARN_ABOUT_RETURN_TYPE = YES_ERROR;
				GCC_WARN_UNDECLARED_SELECTOR = YES;
				GCC_WARN_UNINITIALIZED_AUTOS = YES_AGGRESSIVE;
				GCC_WARN_UNUSED_FUNCTION = YES;
				GCC_WARN_UNUSED_VARIABLE = YES;
				IPHONEOS_DEPLOYMENT_TARGET = 10.3;
				MTL_ENABLE_DEBUG_INFO = YES;
				ONLY_ACTIVE_ARCH = YES;
				SDKROOT = iphoneos;
				SWIFT_ACTIVE_COMPILATION_CONDITIONS = DEBUG;
				SWIFT_OPTIMIZATION_LEVEL = "-Onone";
			};
			name = Debug;
		};
		14F612EF1FA83F1400EDF4FA /* Release */ = {
			isa = XCBuildConfiguration;
			buildSettings = {
				ALWAYS_SEARCH_USER_PATHS = NO;
				CLANG_ANALYZER_NONNULL = YES;
				CLANG_ANALYZER_NUMBER_OBJECT_CONVERSION = YES_AGGRESSIVE;
				CLANG_CXX_LANGUAGE_STANDARD = "gnu++0x";
				CLANG_CXX_LIBRARY = "libc++";
				CLANG_ENABLE_MODULES = YES;
				CLANG_ENABLE_OBJC_ARC = YES;
				CLANG_WARN_BOOL_CONVERSION = YES;
				CLANG_WARN_CONSTANT_CONVERSION = YES;
				CLANG_WARN_DIRECT_OBJC_ISA_USAGE = YES_ERROR;
				CLANG_WARN_DOCUMENTATION_COMMENTS = YES;
				CLANG_WARN_EMPTY_BODY = YES;
				CLANG_WARN_ENUM_CONVERSION = YES;
				CLANG_WARN_INFINITE_RECURSION = YES;
				CLANG_WARN_INT_CONVERSION = YES;
				CLANG_WARN_OBJC_ROOT_CLASS = YES_ERROR;
				CLANG_WARN_SUSPICIOUS_MOVE = YES;
				CLANG_WARN_UNREACHABLE_CODE = YES;
				CLANG_WARN__DUPLICATE_METHOD_MATCH = YES;
				"CODE_SIGN_IDENTITY[sdk=iphoneos*]" = "iPhone Developer";
				COPY_PHASE_STRIP = NO;
				DEBUG_INFORMATION_FORMAT = "dwarf-with-dsym";
				ENABLE_NS_ASSERTIONS = NO;
				ENABLE_STRICT_OBJC_MSGSEND = YES;
				GCC_C_LANGUAGE_STANDARD = gnu99;
				GCC_NO_COMMON_BLOCKS = YES;
				GCC_WARN_64_TO_32_BIT_CONVERSION = YES;
				GCC_WARN_ABOUT_RETURN_TYPE = YES_ERROR;
				GCC_WARN_UNDECLARED_SELECTOR = YES;
				GCC_WARN_UNINITIALIZED_AUTOS = YES_AGGRESSIVE;
				GCC_WARN_UNUSED_FUNCTION = YES;
				GCC_WARN_UNUSED_VARIABLE = YES;
				IPHONEOS_DEPLOYMENT_TARGET = 10.3;
				MTL_ENABLE_DEBUG_INFO = NO;
				SDKROOT = iphoneos;
				SWIFT_OPTIMIZATION_LEVEL = "-Owholemodule";
				VALIDATE_PRODUCT = YES;
			};
			name = Release;
		};
		14F612F11FA83F1400EDF4FA /* Debug */ = {
			isa = XCBuildConfiguration;
			buildSettings = {
				ASSETCATALOG_COMPILER_APPICON_NAME = AppIcon;
				INFOPLIST_FILE = BookFinder/Info.plist;
				LD_RUNPATH_SEARCH_PATHS = "$(inherited) @executable_path/Frameworks";
				PRODUCT_BUNDLE_IDENTIFIER = "-0.BookFinder";
				PRODUCT_NAME = "$(TARGET_NAME)";
				SWIFT_VERSION = 3.0;
			};
			name = Debug;
		};
		14F612F21FA83F1400EDF4FA /* Release */ = {
			isa = XCBuildConfiguration;
			buildSettings = {
				ASSETCATALOG_COMPILER_APPICON_NAME = AppIcon;
				INFOPLIST_FILE = BookFinder/Info.plist;
				LD_RUNPATH_SEARCH_PATHS = "$(inherited) @executable_path/Frameworks";
				PRODUCT_BUNDLE_IDENTIFIER = "-0.BookFinder";
				PRODUCT_NAME = "$(TARGET_NAME)";
				SWIFT_VERSION = 3.0;
			};
			name = Release;
		};
		14F612F41FA83F1400EDF4FA /* Debug */ = {
			isa = XCBuildConfiguration;
			buildSettings = {
				ALWAYS_EMBED_SWIFT_STANDARD_LIBRARIES = YES;
				BUNDLE_LOADER = "$(TEST_HOST)";
				INFOPLIST_FILE = BookFinderTests/Info.plist;
				LD_RUNPATH_SEARCH_PATHS = "$(inherited) @executable_path/Frameworks @loader_path/Frameworks";
				PRODUCT_BUNDLE_IDENTIFIER = "-0.BookFinderTests";
				PRODUCT_NAME = "$(TARGET_NAME)";
				SWIFT_VERSION = 3.0;
				TEST_HOST = "$(BUILT_PRODUCTS_DIR)/BookFinder.app/BookFinder";
			};
			name = Debug;
		};
		14F612F51FA83F1400EDF4FA /* Release */ = {
			isa = XCBuildConfiguration;
			buildSettings = {
				ALWAYS_EMBED_SWIFT_STANDARD_LIBRARIES = YES;
				BUNDLE_LOADER = "$(TEST_HOST)";
				INFOPLIST_FILE = BookFinderTests/Info.plist;
				LD_RUNPATH_SEARCH_PATHS = "$(inherited) @executable_path/Frameworks @loader_path/Frameworks";
				PRODUCT_BUNDLE_IDENTIFIER = "-0.BookFinderTests";
				PRODUCT_NAME = "$(TARGET_NAME)";
				SWIFT_VERSION = 3.0;
				TEST_HOST = "$(BUILT_PRODUCTS_DIR)/BookFinder.app/BookFinder";
			};
			name = Release;
		};
		14F612F71FA83F1400EDF4FA /* Debug */ = {
			isa = XCBuildConfiguration;
			buildSettings = {
				ALWAYS_EMBED_SWIFT_STANDARD_LIBRARIES = YES;
				INFOPLIST_FILE = BookFinderUITests/Info.plist;
				LD_RUNPATH_SEARCH_PATHS = "$(inherited) @executable_path/Frameworks @loader_path/Frameworks";
				PRODUCT_BUNDLE_IDENTIFIER = "-0.BookFinderUITests";
				PRODUCT_NAME = "$(TARGET_NAME)";
				SWIFT_VERSION = 3.0;
				TEST_TARGET_NAME = BookFinder;
			};
			name = Debug;
		};
		14F612F81FA83F1400EDF4FA /* Release */ = {
			isa = XCBuildConfiguration;
			buildSettings = {
				ALWAYS_EMBED_SWIFT_STANDARD_LIBRARIES = YES;
				INFOPLIST_FILE = BookFinderUITests/Info.plist;
				LD_RUNPATH_SEARCH_PATHS = "$(inherited) @executable_path/Frameworks @loader_path/Frameworks";
				PRODUCT_BUNDLE_IDENTIFIER = "-0.BookFinderUITests";
				PRODUCT_NAME = "$(TARGET_NAME)";
				SWIFT_VERSION = 3.0;
				TEST_TARGET_NAME = BookFinder;
			};
			name = Release;
		};
/* End XCBuildConfiguration section */

/* Begin XCConfigurationList section */
		14F612C31FA83F1400EDF4FA /* Build configuration list for PBXProject "BookFinder" */ = {
			isa = XCConfigurationList;
			buildConfigurations = (
				14F612EE1FA83F1400EDF4FA /* Debug */,
				14F612EF1FA83F1400EDF4FA /* Release */,
			);
			defaultConfigurationIsVisible = 0;
			defaultConfigurationName = Release;
		};
		14F612F01FA83F1400EDF4FA /* Build configuration list for PBXNativeTarget "BookFinder" */ = {
			isa = XCConfigurationList;
			buildConfigurations = (
				14F612F11FA83F1400EDF4FA /* Debug */,
				14F612F21FA83F1400EDF4FA /* Release */,
			);
			defaultConfigurationIsVisible = 0;
		};
		14F612F31FA83F1400EDF4FA /* Build configuration list for PBXNativeTarget "BookFinderTests" */ = {
			isa = XCConfigurationList;
			buildConfigurations = (
				14F612F41FA83F1400EDF4FA /* Debug */,
				14F612F51FA83F1400EDF4FA /* Release */,
			);
			defaultConfigurationIsVisible = 0;
		};
		14F612F61FA83F1400EDF4FA /* Build configuration list for PBXNativeTarget "BookFinderUITests" */ = {
			isa = XCConfigurationList;
			buildConfigurations = (
				14F612F71FA83F1400EDF4FA /* Debug */,
				14F612F81FA83F1400EDF4FA /* Release */,
			);
			defaultConfigurationIsVisible = 0;
		};
/* End XCConfigurationList section */
	};
	rootObject = 14F612C01FA83F1400EDF4FA /* Project object */;
}
